
Microsoft Visual Studio Solution File, Format Version 12.00
# Visual Studio Version 17
VisualStudioVersion = 17.9.34616.47
MinimumVisualStudioVersion = 10.0.40219.1
Project("{2150E333-8FDC-42A3-9474-1A3956D46DE8}") = "api", "api", "{2B14975D-4760-4123-BF30-2E98ECD80CC0}"
	ProjectSection(SolutionItems) = preProject
		api\README.md = api\README.md
	EndProjectSection
EndProject
Project("{2150E333-8FDC-42A3-9474-1A3956D46DE8}") = "web", "web", "{7E7A775F-6668-469A-9762-191F6C5C7B8E}"
	ProjectSection(SolutionItems) = preProject
		web\README.md = web\README.md
	EndProjectSection
EndProject
Project("{2150E333-8FDC-42A3-9474-1A3956D46DE8}") = "src", "src", "{72E50662-D8E8-43EA-BF3A-A6B6EED5007C}"
EndProject
Project("{2150E333-8FDC-42A3-9474-1A3956D46DE8}") = "tests", "tests", "{700860BE-A15E-4D6F-88F7-311AE56727BB}"
EndProject
Project("{9A19103F-16F7-4668-BE54-9A1E7A4F7556}") = "UnitTests", "api\tests\UnitTests\UnitTests.csproj", "{C037B63E-A68E-4AD2-A687-4AF1CB204DA1}"
EndProject
Project("{9A19103F-16F7-4668-BE54-9A1E7A4F7556}") = "Api", "api\src\Api\Api.csproj", "{BE4479F8-5A78-4655-BD2D-3AA21BC26B38}"
EndProject
Project("{9A19103F-16F7-4668-BE54-9A1E7A4F7556}") = "Domain", "api\src\Domain\Domain.csproj", "{F6DCD2C0-5CC4-46BE-87F5-EFC1646A5577}"
EndProject
Project("{9A19103F-16F7-4668-BE54-9A1E7A4F7556}") = "Application", "api\src\Application\Application.csproj", "{45345B81-73B8-43C4-AAC9-929337F2DC10}"
EndProject
Project("{9A19103F-16F7-4668-BE54-9A1E7A4F7556}") = "Infrastructure", "api\src\Infrastructure\Infrastructure.csproj", "{553AA0B2-B990-47EF-9127-97B0CB392726}"
EndProject
Project("{FAE04EC0-301F-11D3-BF4B-00C04F79EFBC}") = "WebUI", "web\WebUI\WebUI.csproj", "{F74D1CDB-94FB-4201-A649-DC5162BA70B6}"
EndProject
Project("{FAE04EC0-301F-11D3-BF4B-00C04F79EFBC}") = "WebUI.Client", "web\WebUI.Client\WebUI.Client.csproj", "{40B9227E-743F-47C8-9199-8B57E397E590}"
EndProject
Global
	GlobalSection(SolutionConfigurationPlatforms) = preSolution
		Debug|Any CPU = Debug|Any CPU
		Release|Any CPU = Release|Any CPU
	EndGlobalSection
	GlobalSection(ProjectConfigurationPlatforms) = postSolution
		{C037B63E-A68E-4AD2-A687-4AF1CB204DA1}.Debug|Any CPU.ActiveCfg = Debug|Any CPU
		{C037B63E-A68E-4AD2-A687-4AF1CB204DA1}.Debug|Any CPU.Build.0 = Debug|Any CPU
		{C037B63E-A68E-4AD2-A687-4AF1CB204DA1}.Release|Any CPU.ActiveCfg = Release|Any CPU
		{C037B63E-A68E-4AD2-A687-4AF1CB204DA1}.Release|Any CPU.Build.0 = Release|Any CPU
		{BE4479F8-5A78-4655-BD2D-3AA21BC26B38}.Debug|Any CPU.ActiveCfg = Debug|Any CPU
		{BE4479F8-5A78-4655-BD2D-3AA21BC26B38}.Debug|Any CPU.Build.0 = Debug|Any CPU
		{BE4479F8-5A78-4655-BD2D-3AA21BC26B38}.Release|Any CPU.ActiveCfg = Release|Any CPU
		{BE4479F8-5A78-4655-BD2D-3AA21BC26B38}.Release|Any CPU.Build.0 = Release|Any CPU
		{F6DCD2C0-5CC4-46BE-87F5-EFC1646A5577}.Debug|Any CPU.ActiveCfg = Debug|Any CPU
		{F6DCD2C0-5CC4-46BE-87F5-EFC1646A5577}.Debug|Any CPU.Build.0 = Debug|Any CPU
		{F6DCD2C0-5CC4-46BE-87F5-EFC1646A5577}.Release|Any CPU.ActiveCfg = Release|Any CPU
		{F6DCD2C0-5CC4-46BE-87F5-EFC1646A5577}.Release|Any CPU.Build.0 = Release|Any CPU
		{45345B81-73B8-43C4-AAC9-929337F2DC10}.Debug|Any CPU.ActiveCfg = Debug|Any CPU
		{45345B81-73B8-43C4-AAC9-929337F2DC10}.Debug|Any CPU.Build.0 = Debug|Any CPU
		{45345B81-73B8-43C4-AAC9-929337F2DC10}.Release|Any CPU.ActiveCfg = Release|Any CPU
		{45345B81-73B8-43C4-AAC9-929337F2DC10}.Release|Any CPU.Build.0 = Release|Any CPU
		{553AA0B2-B990-47EF-9127-97B0CB392726}.Debug|Any CPU.ActiveCfg = Debug|Any CPU
		{553AA0B2-B990-47EF-9127-97B0CB392726}.Debug|Any CPU.Build.0 = Debug|Any CPU
		{553AA0B2-B990-47EF-9127-97B0CB392726}.Release|Any CPU.ActiveCfg = Release|Any CPU
		{553AA0B2-B990-47EF-9127-97B0CB392726}.Release|Any CPU.Build.0 = Release|Any CPU
		{F74D1CDB-94FB-4201-A649-DC5162BA70B6}.Debug|Any CPU.ActiveCfg = Debug|Any CPU
		{F74D1CDB-94FB-4201-A649-DC5162BA70B6}.Debug|Any CPU.Build.0 = Debug|Any CPU
		{F74D1CDB-94FB-4201-A649-DC5162BA70B6}.Release|Any CPU.ActiveCfg = Release|Any CPU
		{F74D1CDB-94FB-4201-A649-DC5162BA70B6}.Release|Any CPU.Build.0 = Release|Any CPU
		{40B9227E-743F-47C8-9199-8B57E397E590}.Debug|Any CPU.ActiveCfg = Debug|Any CPU
		{40B9227E-743F-47C8-9199-8B57E397E590}.Debug|Any CPU.Build.0 = Debug|Any CPU
		{40B9227E-743F-47C8-9199-8B57E397E590}.Release|Any CPU.ActiveCfg = Release|Any CPU
		{40B9227E-743F-47C8-9199-8B57E397E590}.Release|Any CPU.Build.0 = Release|Any CPU
	EndGlobalSection
	GlobalSection(SolutionProperties) = preSolution
		HideSolutionNode = FALSE
	EndGlobalSection
	GlobalSection(NestedProjects) = preSolution
		{72E50662-D8E8-43EA-BF3A-A6B6EED5007C} = {2B14975D-4760-4123-BF30-2E98ECD80CC0}
		{700860BE-A15E-4D6F-88F7-311AE56727BB} = {2B14975D-4760-4123-BF30-2E98ECD80CC0}
		{C037B63E-A68E-4AD2-A687-4AF1CB204DA1} = {700860BE-A15E-4D6F-88F7-311AE56727BB}
		{BE4479F8-5A78-4655-BD2D-3AA21BC26B38} = {72E50662-D8E8-43EA-BF3A-A6B6EED5007C}
		{F6DCD2C0-5CC4-46BE-87F5-EFC1646A5577} = {72E50662-D8E8-43EA-BF3A-A6B6EED5007C}
		{45345B81-73B8-43C4-AAC9-929337F2DC10} = {72E50662-D8E8-43EA-BF3A-A6B6EED5007C}
		{553AA0B2-B990-47EF-9127-97B0CB392726} = {72E50662-D8E8-43EA-BF3A-A6B6EED5007C}
		{F74D1CDB-94FB-4201-A649-DC5162BA70B6} = {7E7A775F-6668-469A-9762-191F6C5C7B8E}
		{40B9227E-743F-47C8-9199-8B57E397E590} = {7E7A775F-6668-469A-9762-191F6C5C7B8E}
	EndGlobalSection
	GlobalSection(ExtensibilityGlobals) = postSolution
		SolutionGuid = {542CE8E2-0F3D-46A3-81BF-0D3B26AA8B8D}
	EndGlobalSection
EndGlobal
