
Microsoft Visual Studio Solution File, Format Version 12.00
# Visual Studio Version 17
VisualStudioVersion = 17.9.34616.47
MinimumVisualStudioVersion = 10.0.40219.1
Project("{2150E333-8FDC-42A3-9474-1A3956D46DE8}") = "api", "api", "{2B14975D-4760-4123-BF30-2E98ECD80CC0}"
EndProject
Project("{2150E333-8FDC-42A3-9474-1A3956D46DE8}") = "web", "web", "{7E7A775F-6668-469A-9762-191F6C5C7B8E}"
EndProject
Project("{2150E333-8FDC-42A3-9474-1A3956D46DE8}") = "common", "common", "{86332DCF-FAA9-4EE3-BECE-8AEB8A963ECC}"
EndProject
Project("{FAE04EC0-301F-11D3-BF4B-00C04F79EFBC}") = "Agenda.Common", "common\Agenda.Common\Agenda.Common.csproj", "{558495F7-A6D9-45AD-AD6A-14F3DFF0F02E}"
EndProject
Project("{9A19103F-16F7-4668-BE54-9A1E7A4F7556}") = "Agenda.WebUI", "web\Agenda.WebUI\Agenda.WebUI.csproj", "{5BB81399-B37E-4BBC-9109-78002C2D8584}"
EndProject
Project("{FAE04EC0-301F-11D3-BF4B-00C04F79EFBC}") = "Agenda.Api", "api\Agenda.Api\Agenda.Api.csproj", "{71529267-4F1E-475A-AD40-18C30F09932A}"
EndProject
Project("{FAE04EC0-301F-11D3-BF4B-00C04F79EFBC}") = "Agenda.Application", "api\Agenda.Application\Agenda.Application.csproj", "{77E3DBC3-1D1F-419F-9555-BE63BB441294}"
EndProject
Project("{FAE04EC0-301F-11D3-BF4B-00C04F79EFBC}") = "Agenda.Domain", "api\Agenda.Domain\Agenda.Domain.csproj", "{7824E4D0-C8BD-4F7C-B963-F390F679B73F}"
EndProject
Project("{FAE04EC0-301F-11D3-BF4B-00C04F79EFBC}") = "Agenda.Infrastructure", "api\Agenda.Infrastructure\Agenda.Infrastructure.csproj", "{5810EB3F-E7ED-427F-8E7E-9564C8DAB7D2}"
EndProject
Project("{FAE04EC0-301F-11D3-BF4B-00C04F79EFBC}") = "Agenda.UnitTests", "api\Agenda.UnitTests\Agenda.UnitTests.csproj", "{150A0554-4AD5-4599-9D9E-323FD31C8912}"
EndProject
Global
	GlobalSection(SolutionConfigurationPlatforms) = preSolution
		Debug|Any CPU = Debug|Any CPU
		Release|Any CPU = Release|Any CPU
	EndGlobalSection
	GlobalSection(ProjectConfigurationPlatforms) = postSolution
		{558495F7-A6D9-45AD-AD6A-14F3DFF0F02E}.Debug|Any CPU.ActiveCfg = Debug|Any CPU
		{558495F7-A6D9-45AD-AD6A-14F3DFF0F02E}.Debug|Any CPU.Build.0 = Debug|Any CPU
		{558495F7-A6D9-45AD-AD6A-14F3DFF0F02E}.Release|Any CPU.ActiveCfg = Release|Any CPU
		{558495F7-A6D9-45AD-AD6A-14F3DFF0F02E}.Release|Any CPU.Build.0 = Release|Any CPU
		{5BB81399-B37E-4BBC-9109-78002C2D8584}.Debug|Any CPU.ActiveCfg = Debug|Any CPU
		{5BB81399-B37E-4BBC-9109-78002C2D8584}.Debug|Any CPU.Build.0 = Debug|Any CPU
		{5BB81399-B37E-4BBC-9109-78002C2D8584}.Release|Any CPU.ActiveCfg = Release|Any CPU
		{5BB81399-B37E-4BBC-9109-78002C2D8584}.Release|Any CPU.Build.0 = Release|Any CPU
		{71529267-4F1E-475A-AD40-18C30F09932A}.Debug|Any CPU.ActiveCfg = Debug|Any CPU
		{71529267-4F1E-475A-AD40-18C30F09932A}.Debug|Any CPU.Build.0 = Debug|Any CPU
		{71529267-4F1E-475A-AD40-18C30F09932A}.Release|Any CPU.ActiveCfg = Release|Any CPU
		{71529267-4F1E-475A-AD40-18C30F09932A}.Release|Any CPU.Build.0 = Release|Any CPU
		{77E3DBC3-1D1F-419F-9555-BE63BB441294}.Debug|Any CPU.ActiveCfg = Debug|Any CPU
		{77E3DBC3-1D1F-419F-9555-BE63BB441294}.Debug|Any CPU.Build.0 = Debug|Any CPU
		{77E3DBC3-1D1F-419F-9555-BE63BB441294}.Release|Any CPU.ActiveCfg = Release|Any CPU
		{77E3DBC3-1D1F-419F-9555-BE63BB441294}.Release|Any CPU.Build.0 = Release|Any CPU
		{7824E4D0-C8BD-4F7C-B963-F390F679B73F}.Debug|Any CPU.ActiveCfg = Debug|Any CPU
		{7824E4D0-C8BD-4F7C-B963-F390F679B73F}.Debug|Any CPU.Build.0 = Debug|Any CPU
		{7824E4D0-C8BD-4F7C-B963-F390F679B73F}.Release|Any CPU.ActiveCfg = Release|Any CPU
		{7824E4D0-C8BD-4F7C-B963-F390F679B73F}.Release|Any CPU.Build.0 = Release|Any CPU
		{5810EB3F-E7ED-427F-8E7E-9564C8DAB7D2}.Debug|Any CPU.ActiveCfg = Debug|Any CPU
		{5810EB3F-E7ED-427F-8E7E-9564C8DAB7D2}.Debug|Any CPU.Build.0 = Debug|Any CPU
		{5810EB3F-E7ED-427F-8E7E-9564C8DAB7D2}.Release|Any CPU.ActiveCfg = Release|Any CPU
		{5810EB3F-E7ED-427F-8E7E-9564C8DAB7D2}.Release|Any CPU.Build.0 = Release|Any CPU
		{150A0554-4AD5-4599-9D9E-323FD31C8912}.Debug|Any CPU.ActiveCfg = Debug|Any CPU
		{150A0554-4AD5-4599-9D9E-323FD31C8912}.Debug|Any CPU.Build.0 = Debug|Any CPU
		{150A0554-4AD5-4599-9D9E-323FD31C8912}.Release|Any CPU.ActiveCfg = Release|Any CPU
		{150A0554-4AD5-4599-9D9E-323FD31C8912}.Release|Any CPU.Build.0 = Release|Any CPU
	EndGlobalSection
	GlobalSection(SolutionProperties) = preSolution
		HideSolutionNode = FALSE
	EndGlobalSection
	GlobalSection(NestedProjects) = preSolution
		{558495F7-A6D9-45AD-AD6A-14F3DFF0F02E} = {86332DCF-FAA9-4EE3-BECE-8AEB8A963ECC}
		{5BB81399-B37E-4BBC-9109-78002C2D8584} = {7E7A775F-6668-469A-9762-191F6C5C7B8E}
		{71529267-4F1E-475A-AD40-18C30F09932A} = {2B14975D-4760-4123-BF30-2E98ECD80CC0}
		{77E3DBC3-1D1F-419F-9555-BE63BB441294} = {2B14975D-4760-4123-BF30-2E98ECD80CC0}
		{7824E4D0-C8BD-4F7C-B963-F390F679B73F} = {2B14975D-4760-4123-BF30-2E98ECD80CC0}
		{5810EB3F-E7ED-427F-8E7E-9564C8DAB7D2} = {2B14975D-4760-4123-BF30-2E98ECD80CC0}
		{150A0554-4AD5-4599-9D9E-323FD31C8912} = {2B14975D-4760-4123-BF30-2E98ECD80CC0}
	EndGlobalSection
	GlobalSection(ExtensibilityGlobals) = postSolution
		SolutionGuid = {542CE8E2-0F3D-46A3-81BF-0D3B26AA8B8D}
	EndGlobalSection
EndGlobal
